// !$*UTF8*$!
{
	archiveVersion = 1;
	classes = {
	};
	objectVersion = 50;
	objects = {

/* Begin PBXBuildFile section */
		3037BFBD2759C8220096B3A2 /* AppDelegate.swift in Sources */ = {isa = PBXBuildFile; fileRef = 3037BFBC2759C8220096B3A2 /* AppDelegate.swift */; };
		3037BFBF2759C8220096B3A2 /* SceneDelegate.swift in Sources */ = {isa = PBXBuildFile; fileRef = 3037BFBE2759C8220096B3A2 /* SceneDelegate.swift */; };
		3037BFC12759C8220096B3A2 /* ViewController.swift in Sources */ = {isa = PBXBuildFile; fileRef = 3037BFC02759C8220096B3A2 /* ViewController.swift */; };
		3037BFC42759C8220096B3A2 /* Main.storyboard in Resources */ = {isa = PBXBuildFile; fileRef = 3037BFC22759C8220096B3A2 /* Main.storyboard */; };
		3037BFC62759C8240096B3A2 /* Assets.xcassets in Resources */ = {isa = PBXBuildFile; fileRef = 3037BFC52759C8240096B3A2 /* Assets.xcassets */; };
		3037BFC92759C8240096B3A2 /* LaunchScreen.storyboard in Resources */ = {isa = PBXBuildFile; fileRef = 3037BFC72759C8240096B3A2 /* LaunchScreen.storyboard */; };
		3037BFD12759CA0D0096B3A2 /* ImageCollectionViewCell.swift in Sources */ = {isa = PBXBuildFile; fileRef = 3037BFD02759CA0D0096B3A2 /* ImageCollectionViewCell.swift */; };
		3037BFD3275C36140096B3A2 /* ImageList.swift in Sources */ = {isa = PBXBuildFile; fileRef = 3037BFD2275C36140096B3A2 /* ImageList.swift */; };
/* End PBXBuildFile section */

/* Begin PBXFileReference section */
		3037BFB92759C8220096B3A2 /* PracticeImagefromUrl.app */ = {isa = PBXFileReference; explicitFileType = wrapper.application; includeInIndex = 0; path = PracticeImagefromUrl.app; sourceTree = BUILT_PRODUCTS_DIR; };
		3037BFBC2759C8220096B3A2 /* AppDelegate.swift */ = {isa = PBXFileReference; lastKnownFileType = sourcecode.swift; path = AppDelegate.swift; sourceTree = "<group>"; };
		3037BFBE2759C8220096B3A2 /* SceneDelegate.swift */ = {isa = PBXFileReference; lastKnownFileType = sourcecode.swift; path = SceneDelegate.swift; sourceTree = "<group>"; };
		3037BFC02759C8220096B3A2 /* ViewController.swift */ = {isa = PBXFileReference; lastKnownFileType = sourcecode.swift; path = ViewController.swift; sourceTree = "<group>"; };
		3037BFC32759C8220096B3A2 /* Base */ = {isa = PBXFileReference; lastKnownFileType = file.storyboard; name = Base; path = Base.lproj/Main.storyboard; sourceTree = "<group>"; };
		3037BFC52759C8240096B3A2 /* Assets.xcassets */ = {isa = PBXFileReference; lastKnownFileType = folder.assetcatalog; path = Assets.xcassets; sourceTree = "<group>"; };
		3037BFC82759C8240096B3A2 /* Base */ = {isa = PBXFileReference; lastKnownFileType = file.storyboard; name = Base; path = Base.lproj/LaunchScreen.storyboard; sourceTree = "<group>"; };
		3037BFCA2759C8240096B3A2 /* Info.plist */ = {isa = PBXFileReference; lastKnownFileType = text.plist.xml; path = Info.plist; sourceTree = "<group>"; };
		3037BFD02759CA0D0096B3A2 /* ImageCollectionViewCell.swift */ = {isa = PBXFileReference; lastKnownFileType = sourcecode.swift; path = ImageCollectionViewCell.swift; sourceTree = "<group>"; };
		3037BFD2275C36140096B3A2 /* ImageList.swift */ = {isa = PBXFileReference; lastKnownFileType = sourcecode.swift; path = ImageList.swift; sourceTree = "<group>"; };
/* End PBXFileReference section */

/* Begin PBXFrameworksBuildPhase section */
		3037BFB62759C8220096B3A2 /* Frameworks */ = {
			isa = PBXFrameworksBuildPhase;
			buildActionMask = 2147483647;
			files = (
			);
			runOnlyForDeploymentPostprocessing = 0;
		};
/* End PBXFrameworksBuildPhase section */

/* Begin PBXGroup section */
		3037BFB02759C8220096B3A2 = {
			isa = PBXGroup;
			children = (
				3037BFBB2759C8220096B3A2 /* PracticeImagefromUrl */,
				3037BFBA2759C8220096B3A2 /* Products */,
			);
			sourceTree = "<group>";
		};
		3037BFBA2759C8220096B3A2 /* Products */ = {
			isa = PBXGroup;
			children = (
				3037BFB92759C8220096B3A2 /* PracticeImagefromUrl.app */,
			);
			name = Products;
			sourceTree = "<group>";
		};
		3037BFBB2759C8220096B3A2 /* PracticeImagefromUrl */ = {
			isa = PBXGroup;
			children = (
				3037BFBC2759C8220096B3A2 /* AppDelegate.swift */,
				3037BFBE2759C8220096B3A2 /* SceneDelegate.swift */,
				3037BFC02759C8220096B3A2 /* ViewController.swift */,
				3037BFD2275C36140096B3A2 /* ImageList.swift */,
				3037BFC22759C8220096B3A2 /* Main.storyboard */,
				3037BFC52759C8240096B3A2 /* Assets.xcassets */,
				3037BFC72759C8240096B3A2 /* LaunchScreen.storyboard */,
				3037BFCA2759C8240096B3A2 /* Info.plist */,
				3037BFD02759CA0D0096B3A2 /* ImageCollectionViewCell.swift */,
			);
			path = PracticeImagefromUrl;
			sourceTree = "<group>";
		};
/* End PBXGroup section */

/* Begin PBXNativeTarget section */
		3037BFB82759C8220096B3A2 /* PracticeImagefromUrl */ = {
			isa = PBXNativeTarget;
			buildConfigurationList = 3037BFCD2759C8240096B3A2 /* Build configuration list for PBXNativeTarget "PracticeImagefromUrl" */;
			buildPhases = (
				3037BFB52759C8220096B3A2 /* Sources */,
				3037BFB62759C8220096B3A2 /* Frameworks */,
				3037BFB72759C8220096B3A2 /* Resources */,
			);
			buildRules = (
			);
			dependencies = (
			);
			name = PracticeImagefromUrl;
			productName = PracticeImagefromUrl;
			productReference = 3037BFB92759C8220096B3A2 /* PracticeImagefromUrl.app */;
			productType = "com.apple.product-type.application";
		};
/* End PBXNativeTarget section */

/* Begin PBXProject section */
		3037BFB12759C8220096B3A2 /* Project object */ = {
			isa = PBXProject;
			attributes = {
				LastSwiftUpdateCheck = 1250;
				LastUpgradeCheck = 1250;
				TargetAttributes = {
					3037BFB82759C8220096B3A2 = {
						CreatedOnToolsVersion = 12.5;
					};
				};
			};
			buildConfigurationList = 3037BFB42759C8220096B3A2 /* Build configuration list for PBXProject "PracticeImagefromUrl" */;
			compatibilityVersion = "Xcode 9.3";
			developmentRegion = en;
			hasScannedForEncodings = 0;
			knownRegions = (
				en,
				Base,
			);
			mainGroup = 3037BFB02759C8220096B3A2;
			productRefGroup = 3037BFBA2759C8220096B3A2 /* Products */;
			projectDirPath = "";
			projectRoot = "";
			targets = (
				3037BFB82759C8220096B3A2 /* PracticeImagefromUrl */,
			);
		};
/* End PBXProject section */

/* Begin PBXResourcesBuildPhase section */
		3037BFB72759C8220096B3A2 /* Resources */ = {
			isa = PBXResourcesBuildPhase;
			buildActionMask = 2147483647;
			files = (
				3037BFC92759C8240096B3A2 /* LaunchScreen.storyboard in Resources */,
				3037BFC62759C8240096B3A2 /* Assets.xcassets in Resources */,
				3037BFC42759C8220096B3A2 /* Main.storyboard in Resources */,
			);
			runOnlyForDeploymentPostprocessing = 0;
		};
/* End PBXResourcesBuildPhase section */

/* Begin PBXSourcesBuildPhase section */
		3037BFB52759C8220096B3A2 /* Sources */ = {
			isa = PBXSourcesBuildPhase;
			buildActionMask = 2147483647;
			files = (
				3037BFC12759C8220096B3A2 /* ViewController.swift in Sources */,
				3037BFBD2759C8220096B3A2 /* AppDelegate.swift in Sources */,
				3037BFD12759CA0D0096B3A2 /* ImageCollectionViewCell.swift in Sources */,
				3037BFBF2759C8220096B3A2 /* SceneDelegate.swift in Sources */,
				3037BFD3275C36140096B3A2 /* ImageList.swift in Sources */,
			);
			runOnlyForDeploymentPostprocessing = 0;
		};
/* End PBXSourcesBuildPhase section */

/* Begin PBXVariantGroup section */
		3037BFC22759C8220096B3A2 /* Main.storyboard */ = {
			isa = PBXVariantGroup;
			children = (
				3037BFC32759C8220096B3A2 /* Base */,
			);
			name = Main.storyboard;
			sourceTree = "<group>";
		};
		3037BFC72759C8240096B3A2 /* LaunchScreen.storyboard */ = {
			isa = PBXVariantGroup;
			children = (
				3037BFC82759C8240096B3A2 /* Base */,
			);
			name = LaunchScreen.storyboard;
			sourceTree = "<group>";
		};
/* End PBXVariantGroup section */

/* Begin XCBuildConfiguration section */
		3037BFCB2759C8240096B3A2 /* Debug */ = {
			isa = XCBuildConfiguration;
			buildSettings = {
				ALWAYS_SEARCH_USER_PATHS = NO;
				CLANG_ANALYZER_NONNULL = YES;
				CLANG_ANALYZER_NUMBER_OBJECT_CONVERSION = YES_AGGRESSIVE;
				CLANG_CXX_LANGUAGE_STANDARD = "gnu++14";
				CLANG_CXX_LIBRARY = "libc++";
				CLANG_ENABLE_MODULES = YES;
				CLANG_ENABLE_OBJC_ARC = YES;
				CLANG_ENABLE_OBJC_WEAK = YES;
				CLANG_WARN_BLOCK_CAPTURE_AUTORELEASING = YES;
				CLANG_WARN_BOOL_CONVERSION = YES;
				CLANG_WARN_COMMA = YES;
				CLANG_WARN_CONSTANT_CONVERSION = YES;
				CLANG_WARN_DEPRECATED_OBJC_IMPLEMENTATIONS = YES;
				CLANG_WARN_DIRECT_OBJC_ISA_USAGE = YES_ERROR;
				CLANG_WARN_DOCUMENTATION_COMMENTS = YES;
				CLANG_WARN_EMPTY_BODY = YES;
				CLANG_WARN_ENUM_CONVERSION = YES;
				CLANG_WARN_INFINITE_RECURSION = YES;
				CLANG_WARN_INT_CONVERSION = YES;
				CLANG_WARN_NON_LITERAL_NULL_CONVERSION = YES;
				CLANG_WARN_OBJC_IMPLICIT_RETAIN_SELF = YES;
				CLANG_WARN_OBJC_LITERAL_CONVERSION = YES;
				CLANG_WARN_OBJC_ROOT_CLASS = YES_ERROR;
				CLANG_WARN_QUOTED_INCLUDE_IN_FRAMEWORK_HEADER = YES;
				CLANG_WARN_RANGE_LOOP_ANALYSIS = YES;
				CLANG_WARN_STRICT_PROTOTYPES = YES;
				CLANG_WARN_SUSPICIOUS_MOVE = YES;
				CLANG_WARN_UNGUARDED_AVAILABILITY = YES_AGGRESSIVE;
				CLANG_WARN_UNREACHABLE_CODE = YES;
				CLANG_WARN__DUPLICATE_METHOD_MATCH = YES;
				COPY_PHASE_STRIP = NO;
				DEBUG_INFORMATION_FORMAT = dwarf;
				ENABLE_STRICT_OBJC_MSGSEND = YES;
				ENABLE_TESTABILITY = YES;
				GCC_C_LANGUAGE_STANDARD = gnu11;
				GCC_DYNAMIC_NO_PIC = NO;
				GCC_NO_COMMON_BLOCKS = YES;
				GCC_OPTIMIZATION_LEVEL = 0;
				GCC_PREPROCESSOR_DEFINITIONS = (
					"DEBUG=1",
					"$(inherited)",
				);
				GCC_WARN_64_TO_32_BIT_CONVERSION = YES;
				GCC_WARN_ABOUT_RETURN_TYPE = YES_ERROR;
				GCC_WARN_UNDECLARED_SELECTOR = YES;
				GCC_WARN_UNINITIALIZED_AUTOS = YES_AGGRESSIVE;
				GCC_WARN_UNUSED_FUNCTION = YES;
				GCC_WARN_UNUSED_VARIABLE = YES;
				IPHONEOS_DEPLOYMENT_TARGET = 14.5;
				MTL_ENABLE_DEBUG_INFO = INCLUDE_SOURCE;
				MTL_FAST_MATH = YES;
				ONLY_ACTIVE_ARCH = YES;
				SDKROOT = iphoneos;
				SWIFT_ACTIVE_COMPILATION_CONDITIONS = DEBUG;
				SWIFT_OPTIMIZATION_LEVEL = "-Onone";
			};
			name = Debug;
		};
		3037BFCC2759C8240096B3A2 /* Release */ = {
			isa = XCBuildConfiguration;
			buildSettings = {
				ALWAYS_SEARCH_USER_PATHS = NO;
				CLANG_ANALYZER_NONNULL = YES;
				CLANG_ANALYZER_NUMBER_OBJECT_CONVERSION = YES_AGGRESSIVE;
				CLANG_CXX_LANGUAGE_STANDARD = "gnu++14";
				CLANG_CXX_LIBRARY = "libc++";
				CLANG_ENABLE_MODULES = YES;
				CLANG_ENABLE_OBJC_ARC = YES;
				CLANG_ENABLE_OBJC_WEAK = YES;
				CLANG_WARN_BLOCK_CAPTURE_AUTORELEASING = YES;
				CLANG_WARN_BOOL_CONVERSION = YES;
				CLANG_WARN_COMMA = YES;
				CLANG_WARN_CONSTANT_CONVERSION = YES;
				CLANG_WARN_DEPRECATED_OBJC_IMPLEMENTATIONS = YES;
				CLANG_WARN_DIRECT_OBJC_ISA_USAGE = YES_ERROR;
				CLANG_WARN_DOCUMENTATION_COMMENTS = YES;
				CLANG_WARN_EMPTY_BODY = YES;
				CLANG_WARN_ENUM_CONVERSION = YES;
				CLANG_WARN_INFINITE_RECURSION = YES;
				CLANG_WARN_INT_CONVERSION = YES;
				CLANG_WARN_NON_LITERAL_NULL_CONVERSION = YES;
				CLANG_WARN_OBJC_IMPLICIT_RETAIN_SELF = YES;
				CLANG_WARN_OBJC_LITERAL_CONVERSION = YES;
				CLANG_WARN_OBJC_ROOT_CLASS = YES_ERROR;
				CLANG_WARN_QUOTED_INCLUDE_IN_FRAMEWORK_HEADER = YES;
				CLANG_WARN_RANGE_LOOP_ANALYSIS = YES;
				CLANG_WARN_STRICT_PROTOTYPES = YES;
				CLANG_WARN_SUSPICIOUS_MOVE = YES;
				CLANG_WARN_UNGUARDED_AVAILABILITY = YES_AGGRESSIVE;
				CLANG_WARN_UNREACHABLE_CODE = YES;
				CLANG_WARN__DUPLICATE_METHOD_MATCH = YES;
				COPY_PHASE_STRIP = NO;
				DEBUG_INFORMATION_FORMAT = "dwarf-with-dsym";
				ENABLE_NS_ASSERTIONS = NO;
				ENABLE_STRICT_OBJC_MSGSEND = YES;
				GCC_C_LANGUAGE_STANDARD = gnu11;
				GCC_NO_COMMON_BLOCKS = YES;
				GCC_WARN_64_TO_32_BIT_CONVERSION = YES;
				GCC_WARN_ABOUT_RETURN_TYPE = YES_ERROR;
				GCC_WARN_UNDECLARED_SELECTOR = YES;
				GCC_WARN_UNINITIALIZED_AUTOS = YES_AGGRESSIVE;
				GCC_WARN_UNUSED_FUNCTION = YES;
				GCC_WARN_UNUSED_VARIABLE = YES;
				IPHONEOS_DEPLOYMENT_TARGET = 14.5;
				MTL_ENABLE_DEBUG_INFO = NO;
				MTL_FAST_MATH = YES;
				SDKROOT = iphoneos;
				SWIFT_COMPILATION_MODE = wholemodule;
				SWIFT_OPTIMIZATION_LEVEL = "-O";
				VALIDATE_PRODUCT = YES;
			};
			name = Release;
		};
		3037BFCE2759C8240096B3A2 /* Debug */ = {
			isa = XCBuildConfiguration;
			buildSettings = {
				ASSETCATALOG_COMPILER_APPICON_NAME = AppIcon;
				ASSETCATALOG_COMPILER_GLOBAL_ACCENT_COLOR_NAME = AccentColor;
				CODE_SIGN_STYLE = Automatic;
				DEVELOPMENT_TEAM = 9567ZRLUY2;
				INFOPLIST_FILE = PracticeImagefromUrl/Info.plist;
				LD_RUNPATH_SEARCH_PATHS = (
					"$(inherited)",
					"@executable_path/Frameworks",
				);
				PRODUCT_BUNDLE_IDENTIFIER = Kalyan.PracticeImagefromUrl;
				PRODUCT_NAME = "$(TARGET_NAME)";
				SWIFT_VERSION = 5.0;
				TARGETED_DEVICE_FAMILY = "1,2";
			};
			name = Debug;
		};
		3037BFCF2759C8240096B3A2 /* Release */ = {
			isa = XCBuildConfiguration;
			buildSettings = {
				ASSETCATALOG_COMPILER_APPICON_NAME = AppIcon;
				ASSETCATALOG_COMPILER_GLOBAL_ACCENT_COLOR_NAME = AccentColor;
				CODE_SIGN_STYLE = Automatic;
				DEVELOPMENT_TEAM = 9567ZRLUY2;
				INFOPLIST_FILE = PracticeImagefromUrl/Info.plist;
				LD_RUNPATH_SEARCH_PATHS = (
					"$(inherited)",
					"@executable_path/Frameworks",
				);
				PRODUCT_BUNDLE_IDENTIFIER = Kalyan.PracticeImagefromUrl;
				PRODUCT_NAME = "$(TARGET_NAME)";
				SWIFT_VERSION = 5.0;
				TARGETED_DEVICE_FAMILY = "1,2";
			};
			name = Release;
		};
/* End XCBuildConfiguration section */

/* Begin XCConfigurationList section */
		3037BFB42759C8220096B3A2 /* Build configuration list for PBXProject "PracticeImagefromUrl" */ = {
			isa = XCConfigurationList;
			buildConfigurations = (
				3037BFCB2759C8240096B3A2 /* Debug */,
				3037BFCC2759C8240096B3A2 /* Release */,
			);
			defaultConfigurationIsVisible = 0;
			defaultConfigurationName = Release;
		};
		3037BFCD2759C8240096B3A2 /* Build configuration list for PBXNativeTarget "PracticeImagefromUrl" */ = {
			isa = XCConfigurationList;
			buildConfigurations = (
				3037BFCE2759C8240096B3A2 /* Debug */,
				3037BFCF2759C8240096B3A2 /* Release */,
			);
			defaultConfigurationIsVisible = 0;
			defaultConfigurationName = Release;
		};
/* End XCConfigurationList section */
	};
	rootObject = 3037BFB12759C8220096B3A2 /* Project object */;
}
